
Microsoft Visual Studio Solution File, Format Version 12.00
# Visual Studio 15
VisualStudioVersion = 15.0.28010.2048
MinimumVisualStudioVersion = 10.0.40219.1
Project("{FAE04EC0-301F-11D3-BF4B-00C04F79EFBC}") = "6", "6\6.csproj", "{7D74C4D5-0D60-48BA-A71C-2FD33778C08B}"
EndProject
Global
	GlobalSection(SolutionConfigurationPlatforms) = preSolution
		Debug|Any CPU = Debug|Any CPU
		Release|Any CPU = Release|Any CPU
	EndGlobalSection
	GlobalSection(ProjectConfigurationPlatforms) = postSolution
		{7D74C4D5-0D60-48BA-A71C-2FD33778C08B}.Debug|Any CPU.ActiveCfg = Debug|Any CPU
		{7D74C4D5-0D60-48BA-A71C-2FD33778C08B}.Debug|Any CPU.Build.0 = Debug|Any CPU
		{7D74C4D5-0D60-48BA-A71C-2FD33778C08B}.Release|Any CPU.ActiveCfg = Release|Any CPU
		{7D74C4D5-0D60-48BA-A71C-2FD33778C08B}.Release|Any CPU.Build.0 = Release|Any CPU
	EndGlobalSection
	GlobalSection(SolutionProperties) = preSolution
		HideSolutionNode = FALSE
	EndGlobalSection
	GlobalSection(ExtensibilityGlobals) = postSolution
		SolutionGuid = {4F066187-97D7-4427-B635-42CBD3D2FB11}
	EndGlobalSection
EndGlobal
